
Microsoft Visual Studio Solution File, Format Version 12.00
# Visual Studio Version 16
VisualStudioVersion = 16.0.30114.105
MinimumVisualStudioVersion = 10.0.40219.1
Project("{FAE04EC0-301F-11D3-BF4B-00C04F79EFBC}") = "StarKid", "src\Blokyk.StarKid.csproj", "{4716451D-2F58-497B-920D-7A62BD8018F7}"
EndProject
Project("{FAE04EC0-301F-11D3-BF4B-00C04F79EFBC}") = "StarKid.Runner", "runner\StarKid.Runner.csproj", "{04392B0E-D5D9-4BC4-BC6D-CFD0F05960BF}"
EndProject
Project("{2150E333-8FDC-42A3-9474-1A3956D46DE8}") = "tests", "tests", "{3F6CE76B-35E8-46CB-9A12-CCAC591DFE7A}"
EndProject
Project("{FAE04EC0-301F-11D3-BF4B-00C04F79EFBC}") = "StarKid.Tests", "tests\UnitTests\StarKid.UnitTests.csproj", "{E0999B1C-EF3A-4EA2-9A25-A6FFECD62C26}"
EndProject
Project("{2150E333-8FDC-42A3-9474-1A3956D46DE8}") = "IntegrationTests", "IntegrationTests", "{475ACE57-EB80-4032-8F07-43081317F9FF}"
EndProject
Project("{FAE04EC0-301F-11D3-BF4B-00C04F79EFBC}") = "StarKid.IntegrationTests.Options", "tests\IntegrationTests\Options\StarKid.IntegrationTest.csproj", "{D5C15F43-A516-4E77-AE4D-0B93E20F8C55}"
EndProject
Project("{FAE04EC0-301F-11D3-BF4B-00C04F79EFBC}") = "StarKid.IntegrationTests.OperandParser", "tests\IntegrationTests\OperandParser\StarKid.IntegrationTest.csproj", "{163F823B-6A61-4E90-AE75-063CECD77EB1}"
EndProject
Project("{FAE04EC0-301F-11D3-BF4B-00C04F79EFBC}") = "StarKid.IntegrationTests.NameCasing", "tests\IntegrationTests\NameCasing\StarKid.IntegrationTest.csproj", "{58104F71-DB4E-4CAA-B56A-D4EF47DF94DD}"
EndProject
Project("{FAE04EC0-301F-11D3-BF4B-00C04F79EFBC}") = "StarKid.IntegrationTest", "tests\IntegrationTests\ProgramTests\StarKid.IntegrationTest.csproj", "{4F062D69-081C-438B-904C-E6B24432F7D5}"
EndProject
Global
	GlobalSection(SolutionConfigurationPlatforms) = preSolution
		Debug|Any CPU = Debug|Any CPU
		Release|Any CPU = Release|Any CPU
	EndGlobalSection
	GlobalSection(SolutionProperties) = preSolution
		HideSolutionNode = FALSE
	EndGlobalSection
	GlobalSection(ProjectConfigurationPlatforms) = postSolution
		{4716451D-2F58-497B-920D-7A62BD8018F7}.Debug|Any CPU.ActiveCfg = Debug|Any CPU
		{4716451D-2F58-497B-920D-7A62BD8018F7}.Debug|Any CPU.Build.0 = Debug|Any CPU
		{4716451D-2F58-497B-920D-7A62BD8018F7}.Release|Any CPU.ActiveCfg = Release|Any CPU
		{4716451D-2F58-497B-920D-7A62BD8018F7}.Release|Any CPU.Build.0 = Release|Any CPU
		{04392B0E-D5D9-4BC4-BC6D-CFD0F05960BF}.Debug|Any CPU.ActiveCfg = Debug|Any CPU
		{04392B0E-D5D9-4BC4-BC6D-CFD0F05960BF}.Debug|Any CPU.Build.0 = Debug|Any CPU
		{04392B0E-D5D9-4BC4-BC6D-CFD0F05960BF}.Release|Any CPU.ActiveCfg = Release|Any CPU
		{04392B0E-D5D9-4BC4-BC6D-CFD0F05960BF}.Release|Any CPU.Build.0 = Release|Any CPU
		{E0999B1C-EF3A-4EA2-9A25-A6FFECD62C26}.Debug|Any CPU.ActiveCfg = Debug|Any CPU
		{E0999B1C-EF3A-4EA2-9A25-A6FFECD62C26}.Debug|Any CPU.Build.0 = Debug|Any CPU
		{E0999B1C-EF3A-4EA2-9A25-A6FFECD62C26}.Release|Any CPU.ActiveCfg = Release|Any CPU
		{E0999B1C-EF3A-4EA2-9A25-A6FFECD62C26}.Release|Any CPU.Build.0 = Release|Any CPU
		{D5C15F43-A516-4E77-AE4D-0B93E20F8C55}.Debug|Any CPU.ActiveCfg = Debug|Any CPU
		{D5C15F43-A516-4E77-AE4D-0B93E20F8C55}.Debug|Any CPU.Build.0 = Debug|Any CPU
		{D5C15F43-A516-4E77-AE4D-0B93E20F8C55}.Release|Any CPU.ActiveCfg = Release|Any CPU
		{D5C15F43-A516-4E77-AE4D-0B93E20F8C55}.Release|Any CPU.Build.0 = Release|Any CPU
		{163F823B-6A61-4E90-AE75-063CECD77EB1}.Debug|Any CPU.ActiveCfg = Debug|Any CPU
		{163F823B-6A61-4E90-AE75-063CECD77EB1}.Debug|Any CPU.Build.0 = Debug|Any CPU
		{163F823B-6A61-4E90-AE75-063CECD77EB1}.Release|Any CPU.ActiveCfg = Release|Any CPU
		{163F823B-6A61-4E90-AE75-063CECD77EB1}.Release|Any CPU.Build.0 = Release|Any CPU
		{58104F71-DB4E-4CAA-B56A-D4EF47DF94DD}.Debug|Any CPU.ActiveCfg = Debug|Any CPU
		{58104F71-DB4E-4CAA-B56A-D4EF47DF94DD}.Debug|Any CPU.Build.0 = Debug|Any CPU
		{58104F71-DB4E-4CAA-B56A-D4EF47DF94DD}.Release|Any CPU.ActiveCfg = Release|Any CPU
		{58104F71-DB4E-4CAA-B56A-D4EF47DF94DD}.Release|Any CPU.Build.0 = Release|Any CPU
		{4F062D69-081C-438B-904C-E6B24432F7D5}.Debug|Any CPU.ActiveCfg = Debug|Any CPU
		{4F062D69-081C-438B-904C-E6B24432F7D5}.Debug|Any CPU.Build.0 = Debug|Any CPU
		{4F062D69-081C-438B-904C-E6B24432F7D5}.Release|Any CPU.ActiveCfg = Release|Any CPU
		{4F062D69-081C-438B-904C-E6B24432F7D5}.Release|Any CPU.Build.0 = Release|Any CPU
	EndGlobalSection
	GlobalSection(NestedProjects) = preSolution
		{E0999B1C-EF3A-4EA2-9A25-A6FFECD62C26} = {3F6CE76B-35E8-46CB-9A12-CCAC591DFE7A}
		{475ACE57-EB80-4032-8F07-43081317F9FF} = {3F6CE76B-35E8-46CB-9A12-CCAC591DFE7A}
		{D5C15F43-A516-4E77-AE4D-0B93E20F8C55} = {475ACE57-EB80-4032-8F07-43081317F9FF}
		{163F823B-6A61-4E90-AE75-063CECD77EB1} = {475ACE57-EB80-4032-8F07-43081317F9FF}
		{58104F71-DB4E-4CAA-B56A-D4EF47DF94DD} = {475ACE57-EB80-4032-8F07-43081317F9FF}
		{4F062D69-081C-438B-904C-E6B24432F7D5} = {475ACE57-EB80-4032-8F07-43081317F9FF}
	EndGlobalSection
EndGlobal
