
Microsoft Visual Studio Solution File, Format Version 12.00
# Visual Studio Version 17
VisualStudioVersion = 17.0.31903.59
MinimumVisualStudioVersion = 10.0.40219.1
Project("{FAE04EC0-301F-11D3-BF4B-00C04F79EFBC}") = "Blokyk.StarKid", "src\Blokyk.StarKid.csproj", "{97033239-716A-4CA7-9E12-769B4BAB9683}"
EndProject
Project("{FAE04EC0-301F-11D3-BF4B-00C04F79EFBC}") = "StarKid.Runner", "runner\StarKid.Runner.csproj", "{066B9B45-9E8F-4C48-BD1F-4216723EB983}"
EndProject
Project("{2150E333-8FDC-42A3-9474-1A3956D46DE8}") = "tests", "tests", "{D458C5E0-E8D0-4D35-AA90-0375D71BBA07}"
EndProject
Project("{FAE04EC0-301F-11D3-BF4B-00C04F79EFBC}") = "StarKid.UnitTests", "tests\UnitTests\StarKid.UnitTests.csproj", "{4C3C38B5-397C-483D-B6EF-CE0C0947C7C4}"
EndProject
Project("{2150E333-8FDC-42A3-9474-1A3956D46DE8}") = "IntegrationTests", "IntegrationTests", "{33177F3E-F012-468C-9DEF-089C6371C30F}"
EndProject
Project("{FAE04EC0-301F-11D3-BF4B-00C04F79EFBC}") = "StarKid.IntegrationTests.DefaultCmd", "tests\IntegrationTests\DefaultCmd\StarKid.IntegrationTests.DefaultCmd.csproj", "{C240076A-006A-4ABE-B302-6B2624D8A927}"
EndProject
Project("{FAE04EC0-301F-11D3-BF4B-00C04F79EFBC}") = "StarKid.IntegrationTests.NameCasing", "tests\IntegrationTests\NameCasing\StarKid.IntegrationTests.NameCasing.csproj", "{0FA506A0-AB45-48F5-8AE4-3911D3A69388}"
EndProject
Project("{FAE04EC0-301F-11D3-BF4B-00C04F79EFBC}") = "StarKid.IntegrationTests.OperandParser", "tests\IntegrationTests\OperandParser\StarKid.IntegrationTests.OperandParser.csproj", "{A0CE0244-A446-4B6B-A72A-EBB62AB7AF8F}"
EndProject
Project("{FAE04EC0-301F-11D3-BF4B-00C04F79EFBC}") = "StarKid.IntegrationTests.Options", "tests\IntegrationTests\Options\StarKid.IntegrationTests.Options.csproj", "{936DCB1F-E4EB-41BE-800D-CE914EA5A1E6}"
EndProject
Project("{FAE04EC0-301F-11D3-BF4B-00C04F79EFBC}") = "StarKid.IntegrationTests.Program", "tests\IntegrationTests\Program\StarKid.IntegrationTests.Program.csproj", "{306DB29E-0842-43B0-AF63-8FBD5028FAA7}"
EndProject
Global
	GlobalSection(SolutionConfigurationPlatforms) = preSolution
		Debug|Any CPU = Debug|Any CPU
		Release|Any CPU = Release|Any CPU
	EndGlobalSection
	GlobalSection(SolutionProperties) = preSolution
		HideSolutionNode = FALSE
	EndGlobalSection
	GlobalSection(ProjectConfigurationPlatforms) = postSolution
		{97033239-716A-4CA7-9E12-769B4BAB9683}.Debug|Any CPU.ActiveCfg = Debug|Any CPU
		{97033239-716A-4CA7-9E12-769B4BAB9683}.Debug|Any CPU.Build.0 = Debug|Any CPU
		{97033239-716A-4CA7-9E12-769B4BAB9683}.Release|Any CPU.ActiveCfg = Release|Any CPU
		{97033239-716A-4CA7-9E12-769B4BAB9683}.Release|Any CPU.Build.0 = Release|Any CPU
		{066B9B45-9E8F-4C48-BD1F-4216723EB983}.Debug|Any CPU.ActiveCfg = Debug|Any CPU
		{066B9B45-9E8F-4C48-BD1F-4216723EB983}.Debug|Any CPU.Build.0 = Debug|Any CPU
		{066B9B45-9E8F-4C48-BD1F-4216723EB983}.Release|Any CPU.ActiveCfg = Release|Any CPU
		{066B9B45-9E8F-4C48-BD1F-4216723EB983}.Release|Any CPU.Build.0 = Release|Any CPU
		{4C3C38B5-397C-483D-B6EF-CE0C0947C7C4}.Debug|Any CPU.ActiveCfg = Debug|Any CPU
		{4C3C38B5-397C-483D-B6EF-CE0C0947C7C4}.Debug|Any CPU.Build.0 = Debug|Any CPU
		{4C3C38B5-397C-483D-B6EF-CE0C0947C7C4}.Release|Any CPU.ActiveCfg = Release|Any CPU
		{4C3C38B5-397C-483D-B6EF-CE0C0947C7C4}.Release|Any CPU.Build.0 = Release|Any CPU
		{C240076A-006A-4ABE-B302-6B2624D8A927}.Debug|Any CPU.ActiveCfg = Debug|Any CPU
		{C240076A-006A-4ABE-B302-6B2624D8A927}.Debug|Any CPU.Build.0 = Debug|Any CPU
		{C240076A-006A-4ABE-B302-6B2624D8A927}.Release|Any CPU.ActiveCfg = Release|Any CPU
		{C240076A-006A-4ABE-B302-6B2624D8A927}.Release|Any CPU.Build.0 = Release|Any CPU
		{0FA506A0-AB45-48F5-8AE4-3911D3A69388}.Debug|Any CPU.ActiveCfg = Debug|Any CPU
		{0FA506A0-AB45-48F5-8AE4-3911D3A69388}.Debug|Any CPU.Build.0 = Debug|Any CPU
		{0FA506A0-AB45-48F5-8AE4-3911D3A69388}.Release|Any CPU.ActiveCfg = Release|Any CPU
		{0FA506A0-AB45-48F5-8AE4-3911D3A69388}.Release|Any CPU.Build.0 = Release|Any CPU
		{A0CE0244-A446-4B6B-A72A-EBB62AB7AF8F}.Debug|Any CPU.ActiveCfg = Debug|Any CPU
		{A0CE0244-A446-4B6B-A72A-EBB62AB7AF8F}.Debug|Any CPU.Build.0 = Debug|Any CPU
		{A0CE0244-A446-4B6B-A72A-EBB62AB7AF8F}.Release|Any CPU.ActiveCfg = Release|Any CPU
		{A0CE0244-A446-4B6B-A72A-EBB62AB7AF8F}.Release|Any CPU.Build.0 = Release|Any CPU
		{936DCB1F-E4EB-41BE-800D-CE914EA5A1E6}.Debug|Any CPU.ActiveCfg = Debug|Any CPU
		{936DCB1F-E4EB-41BE-800D-CE914EA5A1E6}.Debug|Any CPU.Build.0 = Debug|Any CPU
		{936DCB1F-E4EB-41BE-800D-CE914EA5A1E6}.Release|Any CPU.ActiveCfg = Release|Any CPU
		{936DCB1F-E4EB-41BE-800D-CE914EA5A1E6}.Release|Any CPU.Build.0 = Release|Any CPU
		{306DB29E-0842-43B0-AF63-8FBD5028FAA7}.Debug|Any CPU.ActiveCfg = Debug|Any CPU
		{306DB29E-0842-43B0-AF63-8FBD5028FAA7}.Debug|Any CPU.Build.0 = Debug|Any CPU
		{306DB29E-0842-43B0-AF63-8FBD5028FAA7}.Release|Any CPU.ActiveCfg = Release|Any CPU
		{306DB29E-0842-43B0-AF63-8FBD5028FAA7}.Release|Any CPU.Build.0 = Release|Any CPU
	EndGlobalSection
	GlobalSection(NestedProjects) = preSolution
		{4C3C38B5-397C-483D-B6EF-CE0C0947C7C4} = {D458C5E0-E8D0-4D35-AA90-0375D71BBA07}
		{33177F3E-F012-468C-9DEF-089C6371C30F} = {D458C5E0-E8D0-4D35-AA90-0375D71BBA07}
		{C240076A-006A-4ABE-B302-6B2624D8A927} = {33177F3E-F012-468C-9DEF-089C6371C30F}
		{0FA506A0-AB45-48F5-8AE4-3911D3A69388} = {33177F3E-F012-468C-9DEF-089C6371C30F}
		{A0CE0244-A446-4B6B-A72A-EBB62AB7AF8F} = {33177F3E-F012-468C-9DEF-089C6371C30F}
		{936DCB1F-E4EB-41BE-800D-CE914EA5A1E6} = {33177F3E-F012-468C-9DEF-089C6371C30F}
		{306DB29E-0842-43B0-AF63-8FBD5028FAA7} = {33177F3E-F012-468C-9DEF-089C6371C30F}
	EndGlobalSection
EndGlobal
